
Microsoft Visual Studio Solution File, Format Version 12.00
# Visual Studio 15
VisualStudioVersion = 15.0.28307.102
MinimumVisualStudioVersion = 10.0.40219.1
Project("{FAE04EC0-301F-11D3-BF4B-00C04F79EFBC}") = "Accounting.Computers", "Accounting.Computers\Accounting.Computers.csproj", "{4412548C-BA25-41D3-A42A-B14BC036DF02}"
EndProject
Global
	GlobalSection(SolutionConfigurationPlatforms) = preSolution
		Debug|Any CPU = Debug|Any CPU
		Release|Any CPU = Release|Any CPU
	EndGlobalSection
	GlobalSection(ProjectConfigurationPlatforms) = postSolution
		{4412548C-BA25-41D3-A42A-B14BC036DF02}.Debug|Any CPU.ActiveCfg = Debug|Any CPU
		{4412548C-BA25-41D3-A42A-B14BC036DF02}.Debug|Any CPU.Build.0 = Debug|Any CPU
		{4412548C-BA25-41D3-A42A-B14BC036DF02}.Release|Any CPU.ActiveCfg = Release|Any CPU
		{4412548C-BA25-41D3-A42A-B14BC036DF02}.Release|Any CPU.Build.0 = Release|Any CPU
	EndGlobalSection
	GlobalSection(SolutionProperties) = preSolution
		HideSolutionNode = FALSE
	EndGlobalSection
	GlobalSection(ExtensibilityGlobals) = postSolution
		SolutionGuid = {E7B9C65C-F5C3-4B8F-B5A9-9888F33EB6E0}
	EndGlobalSection
EndGlobal
